
Microsoft Visual Studio Solution File, Format Version 11.00
# Visual Studio 2010
Project("{FAE04EC0-301F-11D3-BF4B-00C04F79EFBC}") = "TwitchIntegration", "TwitchIntegration.csproj", "{B35E86CF-2724-43D2-A56F-6492C83D9DF2}"
EndProject
Project("{FAE04EC0-301F-11D3-BF4B-00C04F79EFBC}") = "TwitchIntegrationTest", "TwitchIntegrationTest\TwitchIntegrationTest.csproj", "{CF2440F7-DE1B-4D7A-A52D-C60F56BD351B}"
EndProject
Global
	GlobalSection(SolutionConfigurationPlatforms) = preSolution
		Debug|Any CPU = Debug|Any CPU
		Release|Any CPU = Release|Any CPU
		Debug_NET20|Any CPU = Debug_NET20|Any CPU
		Debug_NET30|Any CPU = Debug_NET30|Any CPU
		Debug_NET35|Any CPU = Debug_NET35|Any CPU
		Debug_NET40|Any CPU = Debug_NET40|Any CPU
		Debug_NET45|Any CPU = Debug_NET45|Any CPU
		NET20|Any CPU = NET20|Any CPU
		NET30|Any CPU = NET30|Any CPU
		NET35|Any CPU = NET35|Any CPU
		NET40|Any CPU = NET40|Any CPU
		NET45|Any CPU = NET45|Any CPU
		NET20_FAT|Any CPU = NET20_FAT|Any CPU
		NET30_FAT|Any CPU = NET30_FAT|Any CPU
		NET35_FAT|Any CPU = NET35_FAT|Any CPU
		NET40_FAT|Any CPU = NET40_FAT|Any CPU
		NET45_FAT|Any CPU = NET45_FAT|Any CPU
	EndGlobalSection
	GlobalSection(ProjectConfigurationPlatforms) = postSolution
		{B35E86CF-2724-43D2-A56F-6492C83D9DF2}.Debug_NET20|Any CPU.ActiveCfg = Debug|Any CPU
		{B35E86CF-2724-43D2-A56F-6492C83D9DF2}.Debug_NET20|Any CPU.Build.0 = Debug|Any CPU
		{B35E86CF-2724-43D2-A56F-6492C83D9DF2}.Debug_NET30|Any CPU.ActiveCfg = Debug|Any CPU
		{B35E86CF-2724-43D2-A56F-6492C83D9DF2}.Debug_NET30|Any CPU.Build.0 = Debug|Any CPU
		{B35E86CF-2724-43D2-A56F-6492C83D9DF2}.Debug_NET35|Any CPU.ActiveCfg = Debug|Any CPU
		{B35E86CF-2724-43D2-A56F-6492C83D9DF2}.Debug_NET35|Any CPU.Build.0 = Debug|Any CPU
		{B35E86CF-2724-43D2-A56F-6492C83D9DF2}.Debug_NET40|Any CPU.ActiveCfg = Debug|Any CPU
		{B35E86CF-2724-43D2-A56F-6492C83D9DF2}.Debug_NET40|Any CPU.Build.0 = Debug|Any CPU
		{B35E86CF-2724-43D2-A56F-6492C83D9DF2}.Debug_NET45|Any CPU.ActiveCfg = Debug|Any CPU
		{B35E86CF-2724-43D2-A56F-6492C83D9DF2}.Debug_NET45|Any CPU.Build.0 = Debug|Any CPU
		{B35E86CF-2724-43D2-A56F-6492C83D9DF2}.Debug|Any CPU.ActiveCfg = Debug|Any CPU
		{B35E86CF-2724-43D2-A56F-6492C83D9DF2}.Debug|Any CPU.Build.0 = Debug|Any CPU
		{B35E86CF-2724-43D2-A56F-6492C83D9DF2}.NET20_FAT|Any CPU.ActiveCfg = Debug|Any CPU
		{B35E86CF-2724-43D2-A56F-6492C83D9DF2}.NET20_FAT|Any CPU.Build.0 = Debug|Any CPU
		{B35E86CF-2724-43D2-A56F-6492C83D9DF2}.NET20|Any CPU.ActiveCfg = Debug|Any CPU
		{B35E86CF-2724-43D2-A56F-6492C83D9DF2}.NET20|Any CPU.Build.0 = Debug|Any CPU
		{B35E86CF-2724-43D2-A56F-6492C83D9DF2}.NET30_FAT|Any CPU.ActiveCfg = Debug|Any CPU
		{B35E86CF-2724-43D2-A56F-6492C83D9DF2}.NET30_FAT|Any CPU.Build.0 = Debug|Any CPU
		{B35E86CF-2724-43D2-A56F-6492C83D9DF2}.NET30|Any CPU.ActiveCfg = Debug|Any CPU
		{B35E86CF-2724-43D2-A56F-6492C83D9DF2}.NET30|Any CPU.Build.0 = Debug|Any CPU
		{B35E86CF-2724-43D2-A56F-6492C83D9DF2}.NET35_FAT|Any CPU.ActiveCfg = Debug|Any CPU
		{B35E86CF-2724-43D2-A56F-6492C83D9DF2}.NET35_FAT|Any CPU.Build.0 = Debug|Any CPU
		{B35E86CF-2724-43D2-A56F-6492C83D9DF2}.NET35|Any CPU.ActiveCfg = Debug|Any CPU
		{B35E86CF-2724-43D2-A56F-6492C83D9DF2}.NET35|Any CPU.Build.0 = Debug|Any CPU
		{B35E86CF-2724-43D2-A56F-6492C83D9DF2}.NET40_FAT|Any CPU.ActiveCfg = Debug|Any CPU
		{B35E86CF-2724-43D2-A56F-6492C83D9DF2}.NET40_FAT|Any CPU.Build.0 = Debug|Any CPU
		{B35E86CF-2724-43D2-A56F-6492C83D9DF2}.NET40|Any CPU.ActiveCfg = Debug|Any CPU
		{B35E86CF-2724-43D2-A56F-6492C83D9DF2}.NET40|Any CPU.Build.0 = Debug|Any CPU
		{B35E86CF-2724-43D2-A56F-6492C83D9DF2}.NET45_FAT|Any CPU.ActiveCfg = Debug|Any CPU
		{B35E86CF-2724-43D2-A56F-6492C83D9DF2}.NET45_FAT|Any CPU.Build.0 = Debug|Any CPU
		{B35E86CF-2724-43D2-A56F-6492C83D9DF2}.NET45|Any CPU.ActiveCfg = Debug|Any CPU
		{B35E86CF-2724-43D2-A56F-6492C83D9DF2}.NET45|Any CPU.Build.0 = Debug|Any CPU
		{B35E86CF-2724-43D2-A56F-6492C83D9DF2}.Release|Any CPU.ActiveCfg = Release|Any CPU
		{B35E86CF-2724-43D2-A56F-6492C83D9DF2}.Release|Any CPU.Build.0 = Release|Any CPU
		{CF2440F7-DE1B-4D7A-A52D-C60F56BD351B}.Debug_NET20|Any CPU.ActiveCfg = Debug|Any CPU
		{CF2440F7-DE1B-4D7A-A52D-C60F56BD351B}.Debug_NET20|Any CPU.Build.0 = Debug|Any CPU
		{CF2440F7-DE1B-4D7A-A52D-C60F56BD351B}.Debug_NET30|Any CPU.ActiveCfg = Debug|Any CPU
		{CF2440F7-DE1B-4D7A-A52D-C60F56BD351B}.Debug_NET30|Any CPU.Build.0 = Debug|Any CPU
		{CF2440F7-DE1B-4D7A-A52D-C60F56BD351B}.Debug_NET35|Any CPU.ActiveCfg = Debug|Any CPU
		{CF2440F7-DE1B-4D7A-A52D-C60F56BD351B}.Debug_NET35|Any CPU.Build.0 = Debug|Any CPU
		{CF2440F7-DE1B-4D7A-A52D-C60F56BD351B}.Debug_NET40|Any CPU.ActiveCfg = Debug|Any CPU
		{CF2440F7-DE1B-4D7A-A52D-C60F56BD351B}.Debug_NET40|Any CPU.Build.0 = Debug|Any CPU
		{CF2440F7-DE1B-4D7A-A52D-C60F56BD351B}.Debug_NET45|Any CPU.ActiveCfg = Debug|Any CPU
		{CF2440F7-DE1B-4D7A-A52D-C60F56BD351B}.Debug_NET45|Any CPU.Build.0 = Debug|Any CPU
		{CF2440F7-DE1B-4D7A-A52D-C60F56BD351B}.Debug|Any CPU.ActiveCfg = Debug|Any CPU
		{CF2440F7-DE1B-4D7A-A52D-C60F56BD351B}.Debug|Any CPU.Build.0 = Debug|Any CPU
		{CF2440F7-DE1B-4D7A-A52D-C60F56BD351B}.NET20_FAT|Any CPU.ActiveCfg = Debug|Any CPU
		{CF2440F7-DE1B-4D7A-A52D-C60F56BD351B}.NET20_FAT|Any CPU.Build.0 = Debug|Any CPU
		{CF2440F7-DE1B-4D7A-A52D-C60F56BD351B}.NET20|Any CPU.ActiveCfg = Debug|Any CPU
		{CF2440F7-DE1B-4D7A-A52D-C60F56BD351B}.NET20|Any CPU.Build.0 = Debug|Any CPU
		{CF2440F7-DE1B-4D7A-A52D-C60F56BD351B}.NET30_FAT|Any CPU.ActiveCfg = Debug|Any CPU
		{CF2440F7-DE1B-4D7A-A52D-C60F56BD351B}.NET30_FAT|Any CPU.Build.0 = Debug|Any CPU
		{CF2440F7-DE1B-4D7A-A52D-C60F56BD351B}.NET30|Any CPU.ActiveCfg = Debug|Any CPU
		{CF2440F7-DE1B-4D7A-A52D-C60F56BD351B}.NET30|Any CPU.Build.0 = Debug|Any CPU
		{CF2440F7-DE1B-4D7A-A52D-C60F56BD351B}.NET35_FAT|Any CPU.ActiveCfg = Debug|Any CPU
		{CF2440F7-DE1B-4D7A-A52D-C60F56BD351B}.NET35_FAT|Any CPU.Build.0 = Debug|Any CPU
		{CF2440F7-DE1B-4D7A-A52D-C60F56BD351B}.NET35|Any CPU.ActiveCfg = Debug|Any CPU
		{CF2440F7-DE1B-4D7A-A52D-C60F56BD351B}.NET35|Any CPU.Build.0 = Debug|Any CPU
		{CF2440F7-DE1B-4D7A-A52D-C60F56BD351B}.NET40_FAT|Any CPU.ActiveCfg = Debug|Any CPU
		{CF2440F7-DE1B-4D7A-A52D-C60F56BD351B}.NET40_FAT|Any CPU.Build.0 = Debug|Any CPU
		{CF2440F7-DE1B-4D7A-A52D-C60F56BD351B}.NET40|Any CPU.ActiveCfg = Debug|Any CPU
		{CF2440F7-DE1B-4D7A-A52D-C60F56BD351B}.NET40|Any CPU.Build.0 = Debug|Any CPU
		{CF2440F7-DE1B-4D7A-A52D-C60F56BD351B}.NET45_FAT|Any CPU.ActiveCfg = Debug|Any CPU
		{CF2440F7-DE1B-4D7A-A52D-C60F56BD351B}.NET45_FAT|Any CPU.Build.0 = Debug|Any CPU
		{CF2440F7-DE1B-4D7A-A52D-C60F56BD351B}.NET45|Any CPU.ActiveCfg = Debug|Any CPU
		{CF2440F7-DE1B-4D7A-A52D-C60F56BD351B}.NET45|Any CPU.Build.0 = Debug|Any CPU
		{CF2440F7-DE1B-4D7A-A52D-C60F56BD351B}.Release|Any CPU.ActiveCfg = Release|Any CPU
		{CF2440F7-DE1B-4D7A-A52D-C60F56BD351B}.Release|Any CPU.Build.0 = Release|Any CPU
	EndGlobalSection
EndGlobal
